dependencies:
- name: crossplane-s3-claim
  repository: file://../../plataforma/helm-charts/crossplane-s3-claim
  version: 0.1.0
- name: crossplane-irsa-claim
  repository: file://../../plataforma/helm-charts/crossplane-irsa-claim
  version: 0.1.0
- name: crossplane-rds-claim
  repository: file://../../plataforma/helm-charts/crossplane-rds-claim
  version: 0.1.0
digest: sha256:85afbbba7896b4f0e2da0587aae9f9f098b85b8a8a84025a0dc4750a4eb41d59
generated: "2026-02-21T11:46:11.485771386-03:00"
